Microsoft Visual Studio Solution File, Format Version 12.00
# Visual Studio Version 17
VisualStudioVersion = 17.5.2.0
MinimumVisualStudioVersion = 10.0.40219.1
Project("{2150E333-8FDC-42A3-9474-1A3956D46DE8}") = "src", "src", "{827E0CD3-B72D-47B6-A68D-7590B98EB39B}"
EndProject
Project("{FAE04EC0-301F-11D3-BF4B-00C04F79EFBC}") = "DefectApp", "src\DefectApp\DefectApp.csproj", "{BF9A5D49-0DF0-ADB9-77FE-CCD09865ED7C}"
EndProject
Global
	GlobalSection(SolutionConfigurationPlatforms) = preSolution
		Debug|Any CPU = Debug|Any CPU
		Release|Any CPU = Release|Any CPU
	EndGlobalSection
	GlobalSection(ProjectConfigurationPlatforms) = postSolution
		{BF9A5D49-0DF0-ADB9-77FE-CCD09865ED7C}.Debug|Any CPU.ActiveCfg = Debug|Any CPU
		{BF9A5D49-0DF0-ADB9-77FE-CCD09865ED7C}.Debug|Any CPU.Build.0 = Debug|Any CPU
		{BF9A5D49-0DF0-ADB9-77FE-CCD09865ED7C}.Release|Any CPU.ActiveCfg = Release|Any CPU
		{BF9A5D49-0DF0-ADB9-77FE-CCD09865ED7C}.Release|Any CPU.Build.0 = Release|Any CPU
	EndGlobalSection
	GlobalSection(SolutionProperties) = preSolution
		HideSolutionNode = FALSE
	EndGlobalSection
	GlobalSection(NestedProjects) = preSolution
		{BF9A5D49-0DF0-ADB9-77FE-CCD09865ED7C} = {827E0CD3-B72D-47B6-A68D-7590B98EB39B}
	EndGlobalSection
	GlobalSection(ExtensibilityGlobals) = postSolution
		SolutionGuid = {D1B3B6F9-9FAC-4E45-8BD9-366BD638D6F3}
	EndGlobalSection
EndGlobal
